
Microsoft Visual Studio Solution File, Format Version 12.00
# Visual Studio Version 16
VisualStudioVersion = 16.0.29911.84
MinimumVisualStudioVersion = 10.0.40219.1
Project("{FAE04EC0-301F-11D3-BF4B-00C04F79EFBC}") = "BattleShip", "BattleShip.csproj", "{ED5C15C8-60A0-4421-84FD-56D60C0FD7BE}"
EndProject
Global
	GlobalSection(SolutionConfigurationPlatforms) = preSolution
		Debug|Any CPU = Debug|Any CPU
		Release|Any CPU = Release|Any CPU
	EndGlobalSection
	GlobalSection(ProjectConfigurationPlatforms) = postSolution
		{ED5C15C8-60A0-4421-84FD-56D60C0FD7BE}.Debug|Any CPU.ActiveCfg = Debug|Any CPU
		{ED5C15C8-60A0-4421-84FD-56D60C0FD7BE}.Debug|Any CPU.Build.0 = Debug|Any CPU
		{ED5C15C8-60A0-4421-84FD-56D60C0FD7BE}.Release|Any CPU.ActiveCfg = Release|Any CPU
		{ED5C15C8-60A0-4421-84FD-56D60C0FD7BE}.Release|Any CPU.Build.0 = Release|Any CPU
	EndGlobalSection
	GlobalSection(SolutionProperties) = preSolution
		HideSolutionNode = FALSE
	EndGlobalSection
	GlobalSection(ExtensibilityGlobals) = postSolution
		SolutionGuid = {98338233-2D9F-47CB-85F2-6F93A6483CD7}
	EndGlobalSection
EndGlobal
